{
  "name": "backoffice-organiser",
  "version": "0.0.0",
  "lockfileVersion": 3,
  "requires": true,
  "packages": {
    "": {
      "name": "backoffice-organiser",
      "version": "0.0.0",
      "dependencies": {
        "lit": "^2.7.6"
      },
      "devDependencies": {
        "@umbraco-ui/uui": "^1.5.0",
        "typescript": "^5.0.2",
        "vite": "^4.4.5"
      }
    },
    "node_modules/@esbuild/win32-x64": {
      "version": "0.18.20",
      "cpu": [
        "x64"
      ],
      "dev": true,
      "license": "MIT",
      "optional": true,
      "os": [
        "win32"
      ],
      "engines": {
        "node": ">=12"
      }
    },
    "node_modules/@lit-labs/ssr-dom-shim": {
      "version": "1.1.2",
      "license": "BSD-3-Clause"
    },
    "node_modules/@lit/reactive-element": {
      "version": "1.6.3",
      "license": "BSD-3-Clause",
      "dependencies": {
        "@lit-labs/ssr-dom-shim": "^1.0.0"
      }
    },
    "node_modules/@types/trusted-types": {
      "version": "2.0.5",
      "license": "MIT"
    },
    "node_modules/@umbraco-ui/uui": {
      "version": "1.5.0",
      "resolved": "https://registry.npmjs.org/@umbraco-ui/uui/-/uui-1.5.0.tgz",
      "integrity": "sha512-V9pAdCsiaBy+Vq23sZd9JJCk+TX6xMsclJtTUWhwCq8/YUh6KNERbdoVfMYGUZ1yyJ/g+yddQsWlYOxHNp8msw==",
      "dev": true,
      "dependencies": {
        "@umbraco-ui/uui-action-bar": "1.5.0",
        "@umbraco-ui/uui-avatar": "1.5.0",
        "@umbraco-ui/uui-avatar-group": "1.5.0",
        "@umbraco-ui/uui-badge": "1.5.0",
        "@umbraco-ui/uui-base": "1.5.0",
        "@umbraco-ui/uui-boolean-input": "1.5.0",
        "@umbraco-ui/uui-box": "1.5.0",
        "@umbraco-ui/uui-breadcrumbs": "1.5.0",
        "@umbraco-ui/uui-button": "1.5.0",
        "@umbraco-ui/uui-button-group": "1.5.0",
        "@umbraco-ui/uui-button-inline-create": "1.5.0",
        "@umbraco-ui/uui-card": "1.5.0",
        "@umbraco-ui/uui-card-content-node": "1.5.0",
        "@umbraco-ui/uui-card-media": "1.5.0",
        "@umbraco-ui/uui-card-user": "1.5.0",
        "@umbraco-ui/uui-caret": "1.5.0",
        "@umbraco-ui/uui-checkbox": "1.5.0",
        "@umbraco-ui/uui-color-area": "1.5.0",
        "@umbraco-ui/uui-color-picker": "1.5.0",
        "@umbraco-ui/uui-color-slider": "1.5.0",
        "@umbraco-ui/uui-color-swatch": "1.5.0",
        "@umbraco-ui/uui-color-swatches": "1.5.0",
        "@umbraco-ui/uui-combobox": "1.5.0",
        "@umbraco-ui/uui-combobox-list": "1.5.0",
        "@umbraco-ui/uui-css": "1.5.0",
        "@umbraco-ui/uui-dialog": "1.5.0",
        "@umbraco-ui/uui-dialog-layout": "1.5.0",
        "@umbraco-ui/uui-file-dropzone": "1.5.0",
        "@umbraco-ui/uui-file-preview": "1.5.0",
        "@umbraco-ui/uui-form": "1.5.0",
        "@umbraco-ui/uui-form-layout-item": "1.5.0",
        "@umbraco-ui/uui-form-validation-message": "1.5.0",
        "@umbraco-ui/uui-icon": "1.5.0",
        "@umbraco-ui/uui-icon-registry": "1.5.0",
        "@umbraco-ui/uui-icon-registry-essential": "1.5.0",
        "@umbraco-ui/uui-input": "1.5.0",
        "@umbraco-ui/uui-input-file": "1.5.0",
        "@umbraco-ui/uui-input-lock": "1.5.0",
        "@umbraco-ui/uui-input-password": "1.5.0",
        "@umbraco-ui/uui-keyboard-shortcut": "1.5.0",
        "@umbraco-ui/uui-label": "1.5.0",
        "@umbraco-ui/uui-loader": "1.5.0",
        "@umbraco-ui/uui-loader-bar": "1.5.0",
        "@umbraco-ui/uui-loader-circle": "1.5.0",
        "@umbraco-ui/uui-menu-item": "1.5.0",
        "@umbraco-ui/uui-modal": "1.5.0",
        "@umbraco-ui/uui-pagination": "1.5.0",
        "@umbraco-ui/uui-popover": "1.5.0",
        "@umbraco-ui/uui-popover-container": "1.5.0",
        "@umbraco-ui/uui-progress-bar": "1.5.0",
        "@umbraco-ui/uui-radio": "1.5.0",
        "@umbraco-ui/uui-range-slider": "1.5.0",
        "@umbraco-ui/uui-ref": "1.5.0",
        "@umbraco-ui/uui-ref-list": "1.5.0",
        "@umbraco-ui/uui-ref-node": "1.5.0",
        "@umbraco-ui/uui-ref-node-data-type": "1.5.0",
        "@umbraco-ui/uui-ref-node-document-type": "1.5.0",
        "@umbraco-ui/uui-ref-node-form": "1.5.0",
        "@umbraco-ui/uui-ref-node-member": "1.5.0",
        "@umbraco-ui/uui-ref-node-package": "1.5.0",
        "@umbraco-ui/uui-ref-node-user": "1.5.0",
        "@umbraco-ui/uui-scroll-container": "1.5.0",
        "@umbraco-ui/uui-select": "1.5.0",
        "@umbraco-ui/uui-slider": "1.5.0",
        "@umbraco-ui/uui-symbol-expand": "1.5.0",
        "@umbraco-ui/uui-symbol-file": "1.5.0",
        "@umbraco-ui/uui-symbol-file-dropzone": "1.5.0",
        "@umbraco-ui/uui-symbol-file-thumbnail": "1.5.0",
        "@umbraco-ui/uui-symbol-folder": "1.5.0",
        "@umbraco-ui/uui-symbol-lock": "1.5.0",
        "@umbraco-ui/uui-symbol-more": "1.5.0",
        "@umbraco-ui/uui-symbol-sort": "1.5.0",
        "@umbraco-ui/uui-table": "1.5.0",
        "@umbraco-ui/uui-tabs": "1.5.0",
        "@umbraco-ui/uui-tag": "1.5.0",
        "@umbraco-ui/uui-textarea": "1.5.0",
        "@umbraco-ui/uui-toast-notification": "1.5.0",
        "@umbraco-ui/uui-toast-notification-container": "1.5.0",
        "@umbraco-ui/uui-toast-notification-layout": "1.5.0",
        "@umbraco-ui/uui-toggle": "1.5.0",
        "@umbraco-ui/uui-visually-hidden": "1.5.0"
      }
    },
    "node_modules/@umbraco-ui/uui-action-bar": {
      "version": "1.5.0",
      "resolved": "https://registry.npmjs.org/@umbraco-ui/uui-action-bar/-/uui-action-bar-1.5.0.tgz",
      "integrity": "sha512-2B4ONNRTEtoKjnBo8mtvQo2Y9WW7LDSx6q85UuA+YEWfMOgZ0hr0lFepPg+qq/q90/8ZIoItoxRo16UFrPVaHQ==",
      "dev": true,
      "dependencies": {
        "@umbraco-ui/uui-base": "1.5.0",
        "@umbraco-ui/uui-button-group": "1.5.0"
      }
    },
    "node_modules/@umbraco-ui/uui-avatar": {
      "version": "1.5.0",
      "resolved": "https://registry.npmjs.org/@umbraco-ui/uui-avatar/-/uui-avatar-1.5.0.tgz",
      "integrity": "sha512-Iw4MQ2IMfJq590ydA6d2WXJ3gC7wO1vpA6tZj3T772B81LBZR31ftoMn3ho4cpavV5Nv4LvBnGhc2YajbsVn5A==",
      "dev": true,
      "dependencies": {
        "@umbraco-ui/uui-base": "1.5.0"
      }
    },
    "node_modules/@umbraco-ui/uui-avatar-group": {
      "version": "1.5.0",
      "resolved": "https://registry.npmjs.org/@umbraco-ui/uui-avatar-group/-/uui-avatar-group-1.5.0.tgz",
      "integrity": "sha512-hlmqOGLQIN8uJMoLgT+RPHFWIxi8Ridhp/MrKgEjuNF6sTu4bCQyN28XuC9JD+4vBcSjU4a893QGvckalQxZiA==",
      "dev": true,
      "dependencies": {
        "@umbraco-ui/uui-avatar": "1.5.0",
        "@umbraco-ui/uui-base": "1.5.0"
      }
    },
    "node_modules/@umbraco-ui/uui-badge": {
      "version": "1.5.0",
      "resolved": "https://registry.npmjs.org/@umbraco-ui/uui-badge/-/uui-badge-1.5.0.tgz",
      "integrity": "sha512-6azqqcqRzVHXYz/JfAody6kDZQG3hiBTiCS8EEYY9GcFNqh8BvFLX4yK9R6zz5BVrjgT3qkmPpE2iIpqV6J58A==",
      "dev": true,
      "dependencies": {
        "@umbraco-ui/uui-base": "1.5.0"
      }
    },
    "node_modules/@umbraco-ui/uui-base": {
      "version": "1.5.0",
      "resolved": "https://registry.npmjs.org/@umbraco-ui/uui-base/-/uui-base-1.5.0.tgz",
      "integrity": "sha512-HzKRvbf/aPA1y8l9ZLTvF5Up7W6jX8UwqVUr1B8lwckI6tgxOEFPqLya+U4papqZDh4wz/lysXSDESeVfUy8cw==",
      "dev": true,
      "dependencies": {
        "lit": "^2.3.1"
      }
    },
    "node_modules/@umbraco-ui/uui-boolean-input": {
      "version": "1.5.0",
      "resolved": "https://registry.npmjs.org/@umbraco-ui/uui-boolean-input/-/uui-boolean-input-1.5.0.tgz",
      "integrity": "sha512-uhIPzi7n3Z4Li3n688Q8v3725apwasZvPntm7kMdtssXay6hUHOcor+hkpPavGXRVxZGg+9gIYRM6sQWp853cA==",
      "dev": true,
      "dependencies": {
        "@umbraco-ui/uui-base": "1.5.0"
      }
    },
    "node_modules/@umbraco-ui/uui-box": {
      "version": "1.5.0",
      "resolved": "https://registry.npmjs.org/@umbraco-ui/uui-box/-/uui-box-1.5.0.tgz",
      "integrity": "sha512-uTHBvwzS9pRu0MVfN74+bux6lK0m1AmY/7xor9ez9/uzDyIK096D9jSLTQkfDyngIhqnV6kFLbG7PqcfQURFJQ==",
      "dev": true,
      "dependencies": {
        "@umbraco-ui/uui-base": "1.5.0",
        "@umbraco-ui/uui-css": "1.4.0"
      }
    },
    "node_modules/@umbraco-ui/uui-box/node_modules/@umbraco-ui/uui-css": {
      "version": "1.4.0",
      "resolved": "https://registry.npmjs.org/@umbraco-ui/uui-css/-/uui-css-1.4.0.tgz",
      "integrity": "sha512-HBCFPuXJijeZbjnjdqmg3oqOGB3RmpQKT/s/Uy0TSJfaQGfz0e73o2eRghYHWF2rdqHw6brKFrZTZHBVvCE/xA==",
      "dev": true,
      "dependencies": {
        "lit": "^2.2.2"
      }
    },
    "node_modules/@umbraco-ui/uui-breadcrumbs": {
      "version": "1.5.0",
      "resolved": "https://registry.npmjs.org/@umbraco-ui/uui-breadcrumbs/-/uui-breadcrumbs-1.5.0.tgz",
      "integrity": "sha512-mXuzt5o4NZ1E/HVTLYq+TklX9VQSH5zce+Ef1t2EgUE3EFQH0fwcdCRBC9SpklueNj46ngGHmVhyfv8ekne1Wg==",
      "dev": true,
      "dependencies": {
        "@umbraco-ui/uui-base": "1.5.0"
      }
    },
    "node_modules/@umbraco-ui/uui-button": {
      "version": "1.5.0",
      "resolved": "https://registry.npmjs.org/@umbraco-ui/uui-button/-/uui-button-1.5.0.tgz",
      "integrity": "sha512-ujicvfqUAN0JtBcgj8OG1YcyDaArTBdP5LvNsyYB8s0dePgcws71XzJ1mbHbXhuA386ioNue04yGDL+gSFlJ/A==",
      "dev": true,
      "dependencies": {
        "@umbraco-ui/uui-base": "1.5.0",
        "@umbraco-ui/uui-icon-registry-essential": "1.5.0"
      }
    },
    "node_modules/@umbraco-ui/uui-button-group": {
      "version": "1.5.0",
      "resolved": "https://registry.npmjs.org/@umbraco-ui/uui-button-group/-/uui-button-group-1.5.0.tgz",
      "integrity": "sha512-8yhFdfg7p1B8MM2fIxIlc0Mmhnx46scdGhqeRhvaQ2/dcdpVTI1j1hI2JyOM18TUhJeot4olLqwatlXxlFFT+A==",
      "dev": true,
      "dependencies": {
        "@umbraco-ui/uui-base": "1.5.0"
      }
    },
    "node_modules/@umbraco-ui/uui-button-inline-create": {
      "version": "1.5.0",
      "resolved": "https://registry.npmjs.org/@umbraco-ui/uui-button-inline-create/-/uui-button-inline-create-1.5.0.tgz",
      "integrity": "sha512-J60vRf7nzQyRYKj+qYhMQR6LrQH6PyTrxyqyfDOVGzcWKzsTuRahxuVOIOzrs489cznwRYwL11jtK32MlrSjGQ==",
      "dev": true,
      "dependencies": {
        "@umbraco-ui/uui-base": "1.5.0"
      }
    },
    "node_modules/@umbraco-ui/uui-card": {
      "version": "1.5.0",
      "resolved": "https://registry.npmjs.org/@umbraco-ui/uui-card/-/uui-card-1.5.0.tgz",
      "integrity": "sha512-RgpnQca3rpjMG/3DAmmrExI7gmNNHBNYwfjRqgCd/3QkBwRrtT/+jdppVsGRxxW5xAN90sJ/eLP7i3F5EfWlSA==",
      "dev": true,
      "dependencies": {
        "@umbraco-ui/uui-base": "1.5.0"
      }
    },
    "node_modules/@umbraco-ui/uui-card-content-node": {
      "version": "1.5.0",
      "resolved": "https://registry.npmjs.org/@umbraco-ui/uui-card-content-node/-/uui-card-content-node-1.5.0.tgz",
      "integrity": "sha512-aYGeTsppWT0KS9orrqkl9DF2v5l3gSGhBJZqIPiHVBOzczYIcgLWJbdAkaCgpwh1Zacbv3tnB/76965fd4EwPw==",
      "dev": true,
      "dependencies": {
        "@umbraco-ui/uui-base": "1.5.0",
        "@umbraco-ui/uui-card": "1.5.0",
        "@umbraco-ui/uui-icon": "1.5.0"
      }
    },
    "node_modules/@umbraco-ui/uui-card-media": {
      "version": "1.5.0",
      "resolved": "https://registry.npmjs.org/@umbraco-ui/uui-card-media/-/uui-card-media-1.5.0.tgz",
      "integrity": "sha512-0KktT0IExh06W7QP1FMNqU+tpUL1qDwWeeA19PbZPXwHg15hbSW15a+Hc4aiwqlHYHOPT2gxXoiVc7jqWlMcSQ==",
      "dev": true,
      "dependencies": {
        "@umbraco-ui/uui-base": "1.5.0",
        "@umbraco-ui/uui-card": "1.5.0",
        "@umbraco-ui/uui-symbol-file": "1.5.0",
        "@umbraco-ui/uui-symbol-folder": "1.5.0"
      }
    },
    "node_modules/@umbraco-ui/uui-card-user": {
      "version": "1.5.0",
      "resolved": "https://registry.npmjs.org/@umbraco-ui/uui-card-user/-/uui-card-user-1.5.0.tgz",
      "integrity": "sha512-xJjfkRHkt2xim1o+IvEPQiTpIQR+Z9+69096ssuGb3EkxyyUsDmH3aZZH6/+LKdtKR+7mPZVJub9TTWB4VRnwQ==",
      "dev": true,
      "dependencies": {
        "@umbraco-ui/uui-avatar": "1.5.0",
        "@umbraco-ui/uui-base": "1.5.0",
        "@umbraco-ui/uui-card": "1.5.0"
      }
    },
    "node_modules/@umbraco-ui/uui-caret": {
      "version": "1.5.0",
      "resolved": "https://registry.npmjs.org/@umbraco-ui/uui-caret/-/uui-caret-1.5.0.tgz",
      "integrity": "sha512-4Apw4TMALEydo5o31gsIyICuPVyKvG/oySNup+5psU3apS0JDQ1RXCgGVDFoFxt5xzM+iJ6/J8ZOOILMVNFM6Q==",
      "dev": true,
      "dependencies": {
        "@umbraco-ui/uui-base": "1.5.0"
      }
    },
    "node_modules/@umbraco-ui/uui-checkbox": {
      "version": "1.5.0",
      "resolved": "https://registry.npmjs.org/@umbraco-ui/uui-checkbox/-/uui-checkbox-1.5.0.tgz",
      "integrity": "sha512-Kve+XAIkSFG9kowbZI1MpDEKihpMTtD9q36pcHiVENqxL1+Tydy60yjy3tHV8o6uamJ8qjR6ZlvLttRwLId9tQ==",
      "dev": true,
      "dependencies": {
        "@umbraco-ui/uui-base": "1.5.0",
        "@umbraco-ui/uui-boolean-input": "1.5.0",
        "@umbraco-ui/uui-icon-registry-essential": "1.5.0"
      }
    },
    "node_modules/@umbraco-ui/uui-color-area": {
      "version": "1.5.0",
      "resolved": "https://registry.npmjs.org/@umbraco-ui/uui-color-area/-/uui-color-area-1.5.0.tgz",
      "integrity": "sha512-FF6PrUCBo2nOg5iLbD+iB8aa3Vh+skIfqjFsPD80qLE0sKQ/53juZCnCbvvp7Z0YmIqwBlWP7xGEzJBGfS6OlA==",
      "dev": true,
      "dependencies": {
        "@umbraco-ui/uui-base": "1.5.0",
        "colord": "^2.9.3"
      }
    },
    "node_modules/@umbraco-ui/uui-color-picker": {
      "version": "1.5.0",
      "resolved": "https://registry.npmjs.org/@umbraco-ui/uui-color-picker/-/uui-color-picker-1.5.0.tgz",
      "integrity": "sha512-y/IwXhtaQJWNjwnZtYTvv47+bsmUYJzFLtXqxGckcUmyJQvoZ6DDxslTSv1B9J3QTXU0zpakqpxPszlNNHUygw==",
      "dev": true,
      "dependencies": {
        "@umbraco-ui/uui-base": "1.5.0",
        "colord": "^2.9.3"
      }
    },
    "node_modules/@umbraco-ui/uui-color-slider": {
      "version": "1.5.0",
      "resolved": "https://registry.npmjs.org/@umbraco-ui/uui-color-slider/-/uui-color-slider-1.5.0.tgz",
      "integrity": "sha512-nkUpUxfD7VlayBHirM56xKqi1h0Opg7Q2suzxEC4KLDVLO1+L0KzsDORn1tfeantSG0PahBMbuve1XOoOwCrAA==",
      "dev": true,
      "dependencies": {
        "@umbraco-ui/uui-base": "1.5.0"
      }
    },
    "node_modules/@umbraco-ui/uui-color-swatch": {
      "version": "1.5.0",
      "resolved": "https://registry.npmjs.org/@umbraco-ui/uui-color-swatch/-/uui-color-swatch-1.5.0.tgz",
      "integrity": "sha512-UDqlGmJIMGyn7C23q33v8dkJoISmIAL0XZNTiPkEhwGjKRlxkbexmGd4L4vFt+nhJDRrN86JoZ64BRTHVN8V7A==",
      "dev": true,
      "dependencies": {
        "@umbraco-ui/uui-base": "1.5.0",
        "@umbraco-ui/uui-icon-registry-essential": "1.5.0",
        "colord": "^2.9.3"
      }
    },
    "node_modules/@umbraco-ui/uui-color-swatches": {
      "version": "1.5.0",
      "resolved": "https://registry.npmjs.org/@umbraco-ui/uui-color-swatches/-/uui-color-swatches-1.5.0.tgz",
      "integrity": "sha512-SvTKINbckKvqkkS4XnQfpELkW2x47CUa4PsnXqioXNIWP5sBJb9Kydiu0N1+lV57fAkteqNp+YY8mFxn3a6iPA==",
      "dev": true,
      "dependencies": {
        "@umbraco-ui/uui-base": "1.5.0",
        "@umbraco-ui/uui-color-swatch": "1.5.0"
      }
    },
    "node_modules/@umbraco-ui/uui-combobox": {
      "version": "1.5.0",
      "resolved": "https://registry.npmjs.org/@umbraco-ui/uui-combobox/-/uui-combobox-1.5.0.tgz",
      "integrity": "sha512-SoK4+yR0dJViXZinZ7iqowl6tvWPTTPSOBVE7FfOqOAgFoccOE/nQqjeNjSM0co80OKXqHUsh+kX/HwLjdyNEA==",
      "dev": true,
      "dependencies": {
        "@umbraco-ui/uui-base": "1.5.0",
        "@umbraco-ui/uui-button": "1.5.0",
        "@umbraco-ui/uui-combobox-list": "1.5.0",
        "@umbraco-ui/uui-icon": "1.5.0",
        "@umbraco-ui/uui-scroll-container": "1.5.0"
      }
    },
    "node_modules/@umbraco-ui/uui-combobox-list": {
      "version": "1.5.0",
      "resolved": "https://registry.npmjs.org/@umbraco-ui/uui-combobox-list/-/uui-combobox-list-1.5.0.tgz",
      "integrity": "sha512-5cVlhnst3p6eEHFqn6O8LMswx3wdwpzlfAghleQJW+ZUIVo7ZPXznZz7+6yvnVWxnI7+xxFebHgC0KFxGMUVvg==",
      "dev": true,
      "dependencies": {
        "@umbraco-ui/uui-base": "1.5.0"
      }
    },
    "node_modules/@umbraco-ui/uui-css": {
      "version": "1.5.0",
      "resolved": "https://registry.npmjs.org/@umbraco-ui/uui-css/-/uui-css-1.5.0.tgz",
      "integrity": "sha512-jBSJg8KTWDG7DOVzz7A+UpMxMNHtddcLgt9k25vC4H+84xl+TN51RFTqF8C0JCZdWFK0eKWYlJsGqVrDfoVCcg==",
      "dev": true,
      "dependencies": {
        "lit": "^2.2.2"
      }
    },
    "node_modules/@umbraco-ui/uui-dialog": {
      "version": "1.5.0",
      "resolved": "https://registry.npmjs.org/@umbraco-ui/uui-dialog/-/uui-dialog-1.5.0.tgz",
      "integrity": "sha512-m6J5i+eiLdNApryIY1KW/4kyunAuTpkcWBjQmxyESmlDIqRGdW0lqaahQvcZSZHto03jleUdH5wYTLNgKIb/rw==",
      "dev": true,
      "dependencies": {
        "@umbraco-ui/uui-base": "1.5.0",
        "@umbraco-ui/uui-css": "1.4.0"
      }
    },
    "node_modules/@umbraco-ui/uui-dialog-layout": {
      "version": "1.5.0",
      "resolved": "https://registry.npmjs.org/@umbraco-ui/uui-dialog-layout/-/uui-dialog-layout-1.5.0.tgz",
      "integrity": "sha512-vfZ3FMzYccGBVvSSXvCeoHYX+VU8QppXtFR2OGDZwU0b8BOKtfKTP/2VLPEWCG4vJYKPmqZESo3N9bZXWDkWSg==",
      "dev": true,
      "dependencies": {
        "@umbraco-ui/uui-base": "1.5.0"
      }
    },
    "node_modules/@umbraco-ui/uui-dialog/node_modules/@umbraco-ui/uui-css": {
      "version": "1.4.0",
      "resolved": "https://registry.npmjs.org/@umbraco-ui/uui-css/-/uui-css-1.4.0.tgz",
      "integrity": "sha512-HBCFPuXJijeZbjnjdqmg3oqOGB3RmpQKT/s/Uy0TSJfaQGfz0e73o2eRghYHWF2rdqHw6brKFrZTZHBVvCE/xA==",
      "dev": true,
      "dependencies": {
        "lit": "^2.2.2"
      }
    },
    "node_modules/@umbraco-ui/uui-file-dropzone": {
      "version": "1.5.0",
      "resolved": "https://registry.npmjs.org/@umbraco-ui/uui-file-dropzone/-/uui-file-dropzone-1.5.0.tgz",
      "integrity": "sha512-3rkTWidY4k2fyktRxfsMVTSvF+EIguv9p1Fga7v4DCNkplCp6OyJnwWby5F//+NvTHphaGchxZirOWMLgLyDog==",
      "dev": true,
      "dependencies": {
        "@umbraco-ui/uui-base": "1.5.0",
        "@umbraco-ui/uui-symbol-file-dropzone": "1.5.0"
      }
    },
    "node_modules/@umbraco-ui/uui-file-preview": {
      "version": "1.5.0",
      "resolved": "https://registry.npmjs.org/@umbraco-ui/uui-file-preview/-/uui-file-preview-1.5.0.tgz",
      "integrity": "sha512-Re+R8uZSD3t3jUgZvzG/DfQtihss7aw+rG41IAjmRO9wBZuUAsowfgCd2OJnuOYJXeaqOYYl+QQr7pmR2a/HNQ==",
      "dev": true,
      "dependencies": {
        "@umbraco-ui/uui-base": "1.5.0",
        "@umbraco-ui/uui-symbol-file": "1.5.0",
        "@umbraco-ui/uui-symbol-file-thumbnail": "1.5.0",
        "@umbraco-ui/uui-symbol-folder": "1.5.0"
      }
    },
    "node_modules/@umbraco-ui/uui-form": {
      "version": "1.5.0",
      "resolved": "https://registry.npmjs.org/@umbraco-ui/uui-form/-/uui-form-1.5.0.tgz",
      "integrity": "sha512-rbXFZzAg93/fzvNkxHavUr62DnSeWuVghd9CK9lhe6A9ER9cfjOcGn/INTYK3HHPBalay9IOq+WV1xxC5H6zyg==",
      "dev": true,
      "dependencies": {
        "@umbraco-ui/uui-base": "1.5.0"
      }
    },
    "node_modules/@umbraco-ui/uui-form-layout-item": {
      "version": "1.5.0",
      "resolved": "https://registry.npmjs.org/@umbraco-ui/uui-form-layout-item/-/uui-form-layout-item-1.5.0.tgz",
      "integrity": "sha512-owla3DWo1deVUEG0JzC7pE70h6Ll6lmbR+B+utbMdEgM6shEMdokpPioeCaXb8v7On9Whz+zJGAGBAYl/oyjug==",
      "dev": true,
      "dependencies": {
        "@umbraco-ui/uui-base": "1.5.0",
        "@umbraco-ui/uui-form-validation-message": "1.5.0"
      }
    },
    "node_modules/@umbraco-ui/uui-form-validation-message": {
      "version": "1.5.0",
      "resolved": "https://registry.npmjs.org/@umbraco-ui/uui-form-validation-message/-/uui-form-validation-message-1.5.0.tgz",
      "integrity": "sha512-wuWCzttkUlEctqdJi9qzSzT8h10WvoK3+5usYB9V8NpdPYzOmbXU5RDYpoTWS0nPO56C6rlRlt3TH1khIQtPJA==",
      "dev": true,
      "dependencies": {
        "@umbraco-ui/uui-base": "1.5.0"
      }
    },
    "node_modules/@umbraco-ui/uui-icon": {
      "version": "1.5.0",
      "resolved": "https://registry.npmjs.org/@umbraco-ui/uui-icon/-/uui-icon-1.5.0.tgz",
      "integrity": "sha512-8Sz6PaYTC8KDCKj5ed+xnlnuh9/NOs0tQGPOma1bnVxGJN8LNjl+cJSLp+iU1m3Qq50H0TG+0K/dS3WUExjbZw==",
      "dev": true,
      "dependencies": {
        "@umbraco-ui/uui-base": "1.5.0"
      }
    },
    "node_modules/@umbraco-ui/uui-icon-registry": {
      "version": "1.5.0",
      "resolved": "https://registry.npmjs.org/@umbraco-ui/uui-icon-registry/-/uui-icon-registry-1.5.0.tgz",
      "integrity": "sha512-ei+HnaCKFjcCYjHYC0hqncY2vDfbgRkWhftOnrhqVZPJkE4omWDmVsLSGg/vm88ar1QleDmVj+CAa4J9T+uVeg==",
      "dev": true,
      "dependencies": {
        "@umbraco-ui/uui-base": "1.5.0",
        "@umbraco-ui/uui-icon": "1.5.0"
      }
    },
    "node_modules/@umbraco-ui/uui-icon-registry-essential": {
      "version": "1.5.0",
      "resolved": "https://registry.npmjs.org/@umbraco-ui/uui-icon-registry-essential/-/uui-icon-registry-essential-1.5.0.tgz",
      "integrity": "sha512-nxNEQDI4SNBXnI2/Ov60vcdzKFyRCInwZDFNAKyt31F1yTNM0EM0ne5yV4AqM6YPOKVoWzqFcLz2rx64X+oLvQ==",
      "dev": true,
      "dependencies": {
        "@umbraco-ui/uui-base": "1.5.0",
        "@umbraco-ui/uui-icon-registry": "1.5.0"
      }
    },
    "node_modules/@umbraco-ui/uui-input": {
      "version": "1.5.0",
      "resolved": "https://registry.npmjs.org/@umbraco-ui/uui-input/-/uui-input-1.5.0.tgz",
      "integrity": "sha512-TlbSIRh2Z7xJxW0GEPENd369W1hHgr9Y8IIRE5RDllXzZc8yho4QXPJSDFQTiHMf41LIkOTfIkrQst5047FiXg==",
      "dev": true,
      "dependencies": {
        "@umbraco-ui/uui-base": "1.5.0"
      }
    },
    "node_modules/@umbraco-ui/uui-input-file": {
      "version": "1.5.0",
      "resolved": "https://registry.npmjs.org/@umbraco-ui/uui-input-file/-/uui-input-file-1.5.0.tgz",
      "integrity": "sha512-8h/qGED5KE7sb/YE7dHapZxcWXGm0qCPJft8AGOu/ZK/WdOUV1WHynLjV4yGVZgY9PVZGc+GQTzvdgwxxpltQw==",
      "dev": true,
      "dependencies": {
        "@umbraco-ui/uui-action-bar": "1.5.0",
        "@umbraco-ui/uui-base": "1.5.0",
        "@umbraco-ui/uui-button": "1.5.0",
        "@umbraco-ui/uui-file-dropzone": "1.5.0",
        "@umbraco-ui/uui-icon": "1.5.0",
        "@umbraco-ui/uui-icon-registry-essential": "1.5.0"
      }
    },
    "node_modules/@umbraco-ui/uui-input-lock": {
      "version": "1.5.0",
      "resolved": "https://registry.npmjs.org/@umbraco-ui/uui-input-lock/-/uui-input-lock-1.5.0.tgz",
      "integrity": "sha512-KBhZLLD+5qyibbcp0AiJo7V4e/+GiKouGz/rCk6/3vxEKpe8CtWekcHhjrdlsHcOluQeBcb1Pdqng0wC9UTO5Q==",
      "dev": true,
      "dependencies": {
        "@umbraco-ui/uui-base": "1.5.0",
        "@umbraco-ui/uui-button": "1.5.0",
        "@umbraco-ui/uui-icon": "1.5.0",
        "@umbraco-ui/uui-input": "1.5.0"
      }
    },
    "node_modules/@umbraco-ui/uui-input-password": {
      "version": "1.5.0",
      "resolved": "https://registry.npmjs.org/@umbraco-ui/uui-input-password/-/uui-input-password-1.5.0.tgz",
      "integrity": "sha512-8wvQ/10jfufU0QWhK3gBVo5V/fzk4AuX8wPuieKZDY9Jnwkr7ugZ11DOJtaV3Az/4a0nrfF3TQ2gbBC7zHx2JA==",
      "dev": true,
      "dependencies": {
        "@umbraco-ui/uui-base": "1.5.0",
        "@umbraco-ui/uui-icon-registry-essential": "1.5.0",
        "@umbraco-ui/uui-input": "1.5.0"
      }
    },
    "node_modules/@umbraco-ui/uui-keyboard-shortcut": {
      "version": "1.5.0",
      "resolved": "https://registry.npmjs.org/@umbraco-ui/uui-keyboard-shortcut/-/uui-keyboard-shortcut-1.5.0.tgz",
      "integrity": "sha512-KVTMHl6X0T4cUA3bUgM06xzwCN3VD5W3tZloF0i6e3PTHhkyCE5tKD/2Hizm56OGb+ifaI/oN3L1m7vEPC8IHw==",
      "dev": true,
      "dependencies": {
        "@umbraco-ui/uui-base": "1.5.0"
      }
    },
    "node_modules/@umbraco-ui/uui-label": {
      "version": "1.5.0",
      "resolved": "https://registry.npmjs.org/@umbraco-ui/uui-label/-/uui-label-1.5.0.tgz",
      "integrity": "sha512-Sc6XuMEyivBEQDfMOA6JT7nW5H4/eD6dzUtUNabOwzCG5GUpvTMfRccpdjmzOvl9VCGNWtE9ikqCBZWexWA6YA==",
      "dev": true,
      "dependencies": {
        "@umbraco-ui/uui-base": "1.5.0"
      }
    },
    "node_modules/@umbraco-ui/uui-loader": {
      "version": "1.5.0",
      "resolved": "https://registry.npmjs.org/@umbraco-ui/uui-loader/-/uui-loader-1.5.0.tgz",
      "integrity": "sha512-lhl1KqRbM5NTp08fvxgzOsbHFz04z8/WjaOar6lqNnL0R+CcFtVWQrv69Opht9Sj1NdHESmHEVnX0yodod2LhQ==",
      "dev": true,
      "dependencies": {
        "@umbraco-ui/uui-base": "1.5.0"
      }
    },
    "node_modules/@umbraco-ui/uui-loader-bar": {
      "version": "1.5.0",
      "resolved": "https://registry.npmjs.org/@umbraco-ui/uui-loader-bar/-/uui-loader-bar-1.5.0.tgz",
      "integrity": "sha512-qUcVXi4i+ClozPc0Vfw7g90CLAQVj04F71xtatxDY5nhSWDEMEI6b/pXtN/B9TklkqfgE1mf/gRziFrpbVjLhA==",
      "dev": true,
      "dependencies": {
        "@umbraco-ui/uui-base": "1.5.0"
      }
    },
    "node_modules/@umbraco-ui/uui-loader-circle": {
      "version": "1.5.0",
      "resolved": "https://registry.npmjs.org/@umbraco-ui/uui-loader-circle/-/uui-loader-circle-1.5.0.tgz",
      "integrity": "sha512-059/DJDYbgOmr/LPXbiDaTkBcInmzUUu/YDtQt/SkZPCO33uuB7TDc+++cMgFYskdXBpqesNvVfZOUd4P6zJyA==",
      "dev": true,
      "dependencies": {
        "@umbraco-ui/uui-base": "1.5.0"
      }
    },
    "node_modules/@umbraco-ui/uui-menu-item": {
      "version": "1.5.0",
      "resolved": "https://registry.npmjs.org/@umbraco-ui/uui-menu-item/-/uui-menu-item-1.5.0.tgz",
      "integrity": "sha512-rmKuTz0Xgf0LyQRqs3tr2Z4O6oaNCd7UmI8kEbluk4yKpk5MU38BlFY9p39fpiEVUuzjcg9pBjrEyxrC/H9xjA==",
      "dev": true,
      "dependencies": {
        "@umbraco-ui/uui-base": "1.5.0",
        "@umbraco-ui/uui-loader-bar": "1.5.0",
        "@umbraco-ui/uui-symbol-expand": "1.5.0"
      }
    },
    "node_modules/@umbraco-ui/uui-modal": {
      "version": "1.5.0",
      "resolved": "https://registry.npmjs.org/@umbraco-ui/uui-modal/-/uui-modal-1.5.0.tgz",
      "integrity": "sha512-q9g4rA8OYCPlOmZMES/O17NiAu18wtMxNHMuT6dADP2tuULE+TKT6A8vqC7aq8JkWOTAXRAFvTjTmcvm6L2pvg==",
      "dev": true,
      "dependencies": {
        "@umbraco-ui/uui-base": "1.5.0"
      }
    },
    "node_modules/@umbraco-ui/uui-pagination": {
      "version": "1.5.0",
      "resolved": "https://registry.npmjs.org/@umbraco-ui/uui-pagination/-/uui-pagination-1.5.0.tgz",
      "integrity": "sha512-I3gCWbyLRFvi5fAlezQZarvj7FuEZ7NVZbbKJxqEhbo1bwOxDMXlDNxIIrxSg3R8YAuDNP9Pbdw+rnQwupuOMQ==",
      "dev": true,
      "dependencies": {
        "@umbraco-ui/uui-base": "1.5.0",
        "@umbraco-ui/uui-button": "1.5.0",
        "@umbraco-ui/uui-button-group": "1.5.0"
      }
    },
    "node_modules/@umbraco-ui/uui-popover": {
      "version": "1.5.0",
      "resolved": "https://registry.npmjs.org/@umbraco-ui/uui-popover/-/uui-popover-1.5.0.tgz",
      "integrity": "sha512-Ab8UL4UGxTUn6hYbTqPrMtyGpQr3Xw1E/PVKG3+j+UrNw1Ro5piKgh0TahwxLnrsXWOPXfy53oaXNYsMGenndA==",
      "dev": true,
      "dependencies": {
        "@umbraco-ui/uui-base": "1.5.0"
      }
    },
    "node_modules/@umbraco-ui/uui-popover-container": {
      "version": "1.5.0",
      "resolved": "https://registry.npmjs.org/@umbraco-ui/uui-popover-container/-/uui-popover-container-1.5.0.tgz",
      "integrity": "sha512-issjf86TwvwLA6sJOs5pLRMFY+WBc4oeTZiJMz5mhZ5C5UoRmU65L6RP/0UnzZ4ZGY2Gpdh2YatNnZ7hVMg5ig==",
      "dev": true,
      "dependencies": {
        "@umbraco-ui/uui-base": "1.5.0"
      }
    },
    "node_modules/@umbraco-ui/uui-progress-bar": {
      "version": "1.5.0",
      "resolved": "https://registry.npmjs.org/@umbraco-ui/uui-progress-bar/-/uui-progress-bar-1.5.0.tgz",
      "integrity": "sha512-B/v7VsBBwo19Y+4NBRllt7Ls+WLQfx6vY57rfO8MQG7zxGznxpTSIYvd3wxdRuDsFQeVwwoYjF1/YBJ7iWUnEQ==",
      "dev": true,
      "dependencies": {
        "@umbraco-ui/uui-base": "1.5.0"
      }
    },
    "node_modules/@umbraco-ui/uui-radio": {
      "version": "1.5.0",
      "resolved": "https://registry.npmjs.org/@umbraco-ui/uui-radio/-/uui-radio-1.5.0.tgz",
      "integrity": "sha512-3e52VZHcgHB/17eLTmiZwdm7ENgfX6AF4Dw+8H2x8jdRjyvt8lbykCq+6xewAZFsLAu7vTOEKtd2RhQFI2+hwg==",
      "dev": true,
      "dependencies": {
        "@umbraco-ui/uui-base": "1.5.0"
      }
    },
    "node_modules/@umbraco-ui/uui-range-slider": {
      "version": "1.5.0",
      "resolved": "https://registry.npmjs.org/@umbraco-ui/uui-range-slider/-/uui-range-slider-1.5.0.tgz",
      "integrity": "sha512-oHmIoF+KrHDWiOKonIWq7n94C6CzStBXrleS6iwCgWY++ayaHKCPlCuQIYp3BmGjnMQn8Ou0r2x/RuBPuraLVQ==",
      "dev": true,
      "dependencies": {
        "@umbraco-ui/uui-base": "1.5.0"
      }
    },
    "node_modules/@umbraco-ui/uui-ref": {
      "version": "1.5.0",
      "resolved": "https://registry.npmjs.org/@umbraco-ui/uui-ref/-/uui-ref-1.5.0.tgz",
      "integrity": "sha512-wba/OP6b/mG5kp4bUgBBcBAAy3RWTbokVyjb52FR7nyqNMnIE/UBdgi0XeBx4j6lZeEbr5k5ZOGQ1knEHbPWyQ==",
      "dev": true,
      "dependencies": {
        "@umbraco-ui/uui-base": "1.5.0"
      }
    },
    "node_modules/@umbraco-ui/uui-ref-list": {
      "version": "1.5.0",
      "resolved": "https://registry.npmjs.org/@umbraco-ui/uui-ref-list/-/uui-ref-list-1.5.0.tgz",
      "integrity": "sha512-sxs3hC97zDuFaV8mvXLAbqqtWk0kqDdHY9ORt9CxacdT36nQS58Sw60/plCryqoyp7P2cUZVtlEeff53OKOTCQ==",
      "dev": true,
      "dependencies": {
        "@umbraco-ui/uui-base": "1.5.0"
      }
    },
    "node_modules/@umbraco-ui/uui-ref-node": {
      "version": "1.5.0",
      "resolved": "https://registry.npmjs.org/@umbraco-ui/uui-ref-node/-/uui-ref-node-1.5.0.tgz",
      "integrity": "sha512-bjmMgrIW+/4bmUXwMwFFaPrg2MeTxXssb6EpbBItJ+s0QhTEcTNyAD/DK3RlSMRE5VPO11sRwgCr06aIhklx0Q==",
      "dev": true,
      "dependencies": {
        "@umbraco-ui/uui-base": "1.5.0",
        "@umbraco-ui/uui-icon": "1.5.0",
        "@umbraco-ui/uui-ref": "1.5.0"
      }
    },
    "node_modules/@umbraco-ui/uui-ref-node-data-type": {
      "version": "1.5.0",
      "resolved": "https://registry.npmjs.org/@umbraco-ui/uui-ref-node-data-type/-/uui-ref-node-data-type-1.5.0.tgz",
      "integrity": "sha512-k14MI3cRELOmAwmtFeBzgCFw4+uin0JSqf85ZaqNkXSAmg+4I0ayUI6PGz+Jw66yGHvw3YNeUMKPmLO8l6M79A==",
      "dev": true,
      "dependencies": {
        "@umbraco-ui/uui-base": "1.5.0",
        "@umbraco-ui/uui-ref-node": "1.5.0"
      }
    },
    "node_modules/@umbraco-ui/uui-ref-node-document-type": {
      "version": "1.5.0",
      "resolved": "https://registry.npmjs.org/@umbraco-ui/uui-ref-node-document-type/-/uui-ref-node-document-type-1.5.0.tgz",
      "integrity": "sha512-ouytDUaSls7Hsd0WaDy4wgfKMLpxlxx16WWyHlzX5lMyhkR+S3olyNZcgDRtz9xIQV+dVE3iDsUeQcNAigCdaw==",
      "dev": true,
      "dependencies": {
        "@umbraco-ui/uui-base": "1.5.0",
        "@umbraco-ui/uui-ref-node": "1.5.0"
      }
    },
    "node_modules/@umbraco-ui/uui-ref-node-form": {
      "version": "1.5.0",
      "resolved": "https://registry.npmjs.org/@umbraco-ui/uui-ref-node-form/-/uui-ref-node-form-1.5.0.tgz",
      "integrity": "sha512-D86A1+ScVGTer2kci6Y9X4ZAhCnm4kxUi7bCFH7dn7oi/Fq8fhs3PBuA7mr1FrZgrPvXVdW+Qa7ldxxU58NIWA==",
      "dev": true,
      "dependencies": {
        "@umbraco-ui/uui-base": "1.5.0",
        "@umbraco-ui/uui-ref-node": "1.5.0"
      }
    },
    "node_modules/@umbraco-ui/uui-ref-node-member": {
      "version": "1.5.0",
      "resolved": "https://registry.npmjs.org/@umbraco-ui/uui-ref-node-member/-/uui-ref-node-member-1.5.0.tgz",
      "integrity": "sha512-/UPmUNk6KP2unKnJKjr1qGkdPlFGTRj3K7H/mczCY7IbtzEccdEswWJCdUy/doIkAKbDdaqKe3/9HBoA3JtWPw==",
      "dev": true,
      "dependencies": {
        "@umbraco-ui/uui-base": "1.5.0",
        "@umbraco-ui/uui-ref-node": "1.5.0"
      }
    },
    "node_modules/@umbraco-ui/uui-ref-node-package": {
      "version": "1.5.0",
      "resolved": "https://registry.npmjs.org/@umbraco-ui/uui-ref-node-package/-/uui-ref-node-package-1.5.0.tgz",
      "integrity": "sha512-XkET8XKb3XxmjlIDrmtwm9o0QsaG81bcpUBEBA/wUC0OcJNrjTKyv6ciAVDP7HaW6XpN8XwsRbqdcrYwM8lXDQ==",
      "dev": true,
      "dependencies": {
        "@umbraco-ui/uui-base": "1.5.0",
        "@umbraco-ui/uui-ref-node": "1.5.0"
      }
    },
    "node_modules/@umbraco-ui/uui-ref-node-user": {
      "version": "1.5.0",
      "resolved": "https://registry.npmjs.org/@umbraco-ui/uui-ref-node-user/-/uui-ref-node-user-1.5.0.tgz",
      "integrity": "sha512-9TrIr1JWw3cIkWfQrdv9iLRIqm/dd10d6uZEWaGJ/MuxyCywqMg/LSApV/NLapB4HXhIG4pGCiXvUa8OVW99ew==",
      "dev": true,
      "dependencies": {
        "@umbraco-ui/uui-base": "1.5.0",
        "@umbraco-ui/uui-ref-node": "1.5.0"
      }
    },
    "node_modules/@umbraco-ui/uui-scroll-container": {
      "version": "1.5.0",
      "resolved": "https://registry.npmjs.org/@umbraco-ui/uui-scroll-container/-/uui-scroll-container-1.5.0.tgz",
      "integrity": "sha512-Xj5jnmCEDyRENmWtuPI1QYEMzrmi/9/LaajkPEIZEYVu2owI940F0viS5X+X/FvKehSxoSt9ainCwkLphgzNiw==",
      "dev": true,
      "dependencies": {
        "@umbraco-ui/uui-base": "1.5.0"
      }
    },
    "node_modules/@umbraco-ui/uui-select": {
      "version": "1.5.0",
      "resolved": "https://registry.npmjs.org/@umbraco-ui/uui-select/-/uui-select-1.5.0.tgz",
      "integrity": "sha512-lcMiIM6WxF5YraIXAqSpujx3OJzq6Snfik0BUypTWbUZdKVQTgLPh3A6We9PdD6K64AX2Zk4eH8yhQ+5GNImzQ==",
      "dev": true,
      "dependencies": {
        "@umbraco-ui/uui-base": "1.5.0"
      }
    },
    "node_modules/@umbraco-ui/uui-slider": {
      "version": "1.5.0",
      "resolved": "https://registry.npmjs.org/@umbraco-ui/uui-slider/-/uui-slider-1.5.0.tgz",
      "integrity": "sha512-Mp6xz7C7GbAuQ1Totd2WLzvS56ekx4l31mAvUvor0GqrUF/hHxwfrGZOAWoBqoTdKQAFKbZVSM782a+cwNv3hg==",
      "dev": true,
      "dependencies": {
        "@umbraco-ui/uui-base": "1.5.0"
      }
    },
    "node_modules/@umbraco-ui/uui-symbol-expand": {
      "version": "1.5.0",
      "resolved": "https://registry.npmjs.org/@umbraco-ui/uui-symbol-expand/-/uui-symbol-expand-1.5.0.tgz",
      "integrity": "sha512-ZCuGAJT2qFs4wQ6Z+g/qV3obv/SbriMnaIOGy6XTTAuMlh2+aNAwm33Je0wYKCTwHNUmnl427wTMEkQcMziD4g==",
      "dev": true,
      "dependencies": {
        "@umbraco-ui/uui-base": "1.5.0"
      }
    },
    "node_modules/@umbraco-ui/uui-symbol-file": {
      "version": "1.5.0",
      "resolved": "https://registry.npmjs.org/@umbraco-ui/uui-symbol-file/-/uui-symbol-file-1.5.0.tgz",
      "integrity": "sha512-ClB/lT/ebyUBmPqExB2ZinMOo/bCMEgjGxjkXy2THX4lOLUqvjDNEKLq99MAREKSh/mmGq7iB3Z/hd9/EDu75Q==",
      "dev": true,
      "dependencies": {
        "@umbraco-ui/uui-base": "1.5.0"
      }
    },
    "node_modules/@umbraco-ui/uui-symbol-file-dropzone": {
      "version": "1.5.0",
      "resolved": "https://registry.npmjs.org/@umbraco-ui/uui-symbol-file-dropzone/-/uui-symbol-file-dropzone-1.5.0.tgz",
      "integrity": "sha512-0YL88rFFI5SOzzORtm1VtMihN4if7r0CIRe5Q3Sv0WwHjrMfIM08DeONCgN2j+ZoKgnTvt9KpE1OGigshouRug==",
      "dev": true,
      "dependencies": {
        "@umbraco-ui/uui-base": "1.5.0"
      }
    },
    "node_modules/@umbraco-ui/uui-symbol-file-thumbnail": {
      "version": "1.5.0",
      "resolved": "https://registry.npmjs.org/@umbraco-ui/uui-symbol-file-thumbnail/-/uui-symbol-file-thumbnail-1.5.0.tgz",
      "integrity": "sha512-/qkf6AdAIsRmUfsBdtFkFk5wPWw6JvSVHvgk/UvZulHHb2F8TamPSJfb6voh86Vq8DzVIcy3ZbqatxH7LZBY1g==",
      "dev": true,
      "dependencies": {
        "@umbraco-ui/uui-base": "1.5.0"
      }
    },
    "node_modules/@umbraco-ui/uui-symbol-folder": {
      "version": "1.5.0",
      "resolved": "https://registry.npmjs.org/@umbraco-ui/uui-symbol-folder/-/uui-symbol-folder-1.5.0.tgz",
      "integrity": "sha512-Sxt4n5IBT+XIqu2nJxP4RnhourwC+1X5bD40YgUBmqZJ9KV//tox4zo2elU19WCeRZFkklZGfn2smLY1FD0OGg==",
      "dev": true,
      "dependencies": {
        "@umbraco-ui/uui-base": "1.5.0"
      }
    },
    "node_modules/@umbraco-ui/uui-symbol-lock": {
      "version": "1.5.0",
      "resolved": "https://registry.npmjs.org/@umbraco-ui/uui-symbol-lock/-/uui-symbol-lock-1.5.0.tgz",
      "integrity": "sha512-EH7tEPCB+PTyjWbW+bdekk4M5hcjvYYpCKTnl3Pdpzh0mrxHPt9xa8908JB0tG8n0m0EcP+L7k8pthUmkgpK7A==",
      "dev": true,
      "dependencies": {
        "@umbraco-ui/uui-base": "1.5.0"
      }
    },
    "node_modules/@umbraco-ui/uui-symbol-more": {
      "version": "1.5.0",
      "resolved": "https://registry.npmjs.org/@umbraco-ui/uui-symbol-more/-/uui-symbol-more-1.5.0.tgz",
      "integrity": "sha512-EuhU4kle4swMFZnsguWPz77rOtrk0IQcXuEA60fjzFGJCwsg7yyu9Ns209IEUsYh5ktstj8pXKT8+ZDila5umg==",
      "dev": true,
      "dependencies": {
        "@umbraco-ui/uui-base": "1.5.0"
      }
    },
    "node_modules/@umbraco-ui/uui-symbol-sort": {
      "version": "1.5.0",
      "resolved": "https://registry.npmjs.org/@umbraco-ui/uui-symbol-sort/-/uui-symbol-sort-1.5.0.tgz",
      "integrity": "sha512-/cifoZXuZbDmuZFPD0rr95Gpuy18DnboOYb/Ir6G3PANJ0fWOhzykHUrdx18ItLzhhwfE3dcZk4EWcGrEkfnfg==",
      "dev": true,
      "dependencies": {
        "@umbraco-ui/uui-base": "1.5.0"
      }
    },
    "node_modules/@umbraco-ui/uui-table": {
      "version": "1.5.0",
      "resolved": "https://registry.npmjs.org/@umbraco-ui/uui-table/-/uui-table-1.5.0.tgz",
      "integrity": "sha512-tjhpEzBYCQdgieoXcIgcOjROrScF0Ifutz/6gmpcdrXYbgZ+YkWX7dSLAeQj3fzGebaPbNYzGOmGZA9/opZ1rg==",
      "dev": true,
      "dependencies": {
        "@umbraco-ui/uui-base": "1.5.0"
      }
    },
    "node_modules/@umbraco-ui/uui-tabs": {
      "version": "1.5.0",
      "resolved": "https://registry.npmjs.org/@umbraco-ui/uui-tabs/-/uui-tabs-1.5.0.tgz",
      "integrity": "sha512-0D5NLufis9Tzc5Vr+fl8Z0wABHyz1Tep76Qnx0nXyYzAZvdNq2IxThHbGqA1cb+FjVJSKdfp6ONfiPc/SIVAzA==",
      "dev": true,
      "dependencies": {
        "@umbraco-ui/uui-base": "1.5.0",
        "@umbraco-ui/uui-button": "1.5.0",
        "@umbraco-ui/uui-popover-container": "1.5.0",
        "@umbraco-ui/uui-symbol-more": "1.5.0"
      }
    },
    "node_modules/@umbraco-ui/uui-tag": {
      "version": "1.5.0",
      "resolved": "https://registry.npmjs.org/@umbraco-ui/uui-tag/-/uui-tag-1.5.0.tgz",
      "integrity": "sha512-OZGitHjdn4coj1x7F7zfeIx5M9NhGd8+CqpD915V9Qm8YlTQxFLq1M8tqjIxaYAB5EcHXuyzRpSUCrt/WUvipA==",
      "dev": true,
      "dependencies": {
        "@umbraco-ui/uui-base": "1.5.0"
      }
    },
    "node_modules/@umbraco-ui/uui-textarea": {
      "version": "1.5.0",
      "resolved": "https://registry.npmjs.org/@umbraco-ui/uui-textarea/-/uui-textarea-1.5.0.tgz",
      "integrity": "sha512-+zDqbYKYfaiG0IXEaQatUaWsD4umtkTtbCMnqVPMhxwneVoE9d69ejat2zLFUI/ERm3nKMyq/NRfxzXJgzlDng==",
      "dev": true,
      "dependencies": {
        "@umbraco-ui/uui-base": "1.5.0"
      }
    },
    "node_modules/@umbraco-ui/uui-toast-notification": {
      "version": "1.5.0",
      "resolved": "https://registry.npmjs.org/@umbraco-ui/uui-toast-notification/-/uui-toast-notification-1.5.0.tgz",
      "integrity": "sha512-cFjz4/uZudR3yuSqK5gqzAio55ZOOxQAOc8bC5keS0HXL84JcDwrEP4/Nz7X/uUNUqauYZG/iBUirAvqfv7Osw==",
      "dev": true,
      "dependencies": {
        "@umbraco-ui/uui-base": "1.5.0",
        "@umbraco-ui/uui-button": "1.5.0",
        "@umbraco-ui/uui-css": "1.4.0",
        "@umbraco-ui/uui-icon": "1.5.0",
        "@umbraco-ui/uui-icon-registry-essential": "1.5.0"
      }
    },
    "node_modules/@umbraco-ui/uui-toast-notification-container": {
      "version": "1.5.0",
      "resolved": "https://registry.npmjs.org/@umbraco-ui/uui-toast-notification-container/-/uui-toast-notification-container-1.5.0.tgz",
      "integrity": "sha512-AB4kwgocUeDwkxiCYNH0AOMEtExDS6sEq9sk2i8AGDAEjprAB3m0HM9AlrA+T0V1GtSuv+Q1DEuCyxnVbuK0WQ==",
      "dev": true,
      "dependencies": {
        "@umbraco-ui/uui-base": "1.5.0",
        "@umbraco-ui/uui-toast-notification": "1.5.0"
      }
    },
    "node_modules/@umbraco-ui/uui-toast-notification-layout": {
      "version": "1.5.0",
      "resolved": "https://registry.npmjs.org/@umbraco-ui/uui-toast-notification-layout/-/uui-toast-notification-layout-1.5.0.tgz",
      "integrity": "sha512-rM7cGCdMolhsndfZT9zGAPI9P3bl1lNpjDhWI124Mgx+KS8t2Q2h9O+7FGqFnjCTJOQES1pdQ+enl2NxCuEkNg==",
      "dev": true,
      "dependencies": {
        "@umbraco-ui/uui-base": "1.5.0",
        "@umbraco-ui/uui-css": "1.4.0"
      }
    },
    "node_modules/@umbraco-ui/uui-toast-notification-layout/node_modules/@umbraco-ui/uui-css": {
      "version": "1.4.0",
      "resolved": "https://registry.npmjs.org/@umbraco-ui/uui-css/-/uui-css-1.4.0.tgz",
      "integrity": "sha512-HBCFPuXJijeZbjnjdqmg3oqOGB3RmpQKT/s/Uy0TSJfaQGfz0e73o2eRghYHWF2rdqHw6brKFrZTZHBVvCE/xA==",
      "dev": true,
      "dependencies": {
        "lit": "^2.2.2"
      }
    },
    "node_modules/@umbraco-ui/uui-toast-notification/node_modules/@umbraco-ui/uui-css": {
      "version": "1.4.0",
      "resolved": "https://registry.npmjs.org/@umbraco-ui/uui-css/-/uui-css-1.4.0.tgz",
      "integrity": "sha512-HBCFPuXJijeZbjnjdqmg3oqOGB3RmpQKT/s/Uy0TSJfaQGfz0e73o2eRghYHWF2rdqHw6brKFrZTZHBVvCE/xA==",
      "dev": true,
      "dependencies": {
        "lit": "^2.2.2"
      }
    },
    "node_modules/@umbraco-ui/uui-toggle": {
      "version": "1.5.0",
      "resolved": "https://registry.npmjs.org/@umbraco-ui/uui-toggle/-/uui-toggle-1.5.0.tgz",
      "integrity": "sha512-vsJSpBSmlrLzspCa1dGQGYXfc6RwTGTzSlNQdnzzP7qefVRP4GlOaqYV0TJhHMcYdbai+iEkrLznzJQvM9JFLA==",
      "dev": true,
      "dependencies": {
        "@umbraco-ui/uui-base": "1.5.0",
        "@umbraco-ui/uui-boolean-input": "1.5.0"
      }
    },
    "node_modules/@umbraco-ui/uui-visually-hidden": {
      "version": "1.5.0",
      "resolved": "https://registry.npmjs.org/@umbraco-ui/uui-visually-hidden/-/uui-visually-hidden-1.5.0.tgz",
      "integrity": "sha512-3Imqxp8+hvirakPogqzvRlU+uhshpGRdrEMU7phCS5VGzDEl8NL1BhxR31EQAw7DspwbD5non3ZwbTwLYydfCg==",
      "dev": true,
      "dependencies": {
        "@umbraco-ui/uui-base": "1.5.0"
      }
    },
    "node_modules/colord": {
      "version": "2.9.3",
      "resolved": "https://registry.npmjs.org/colord/-/colord-2.9.3.tgz",
      "integrity": "sha512-jeC1axXpnb0/2nn/Y1LPuLdgXBLH7aDcHu4KEKfqw3CUhX7ZpfBSlPKyqXE6btIgEzfWtrX3/tyBCaCvXvMkOw==",
      "dev": true
    },
    "node_modules/esbuild": {
      "version": "0.18.20",
      "dev": true,
      "hasInstallScript": true,
      "license": "MIT",
      "bin": {
        "esbuild": "bin/esbuild"
      },
      "engines": {
        "node": ">=12"
      },
      "optionalDependencies": {
        "@esbuild/android-arm": "0.18.20",
        "@esbuild/android-arm64": "0.18.20",
        "@esbuild/android-x64": "0.18.20",
        "@esbuild/darwin-arm64": "0.18.20",
        "@esbuild/darwin-x64": "0.18.20",
        "@esbuild/freebsd-arm64": "0.18.20",
        "@esbuild/freebsd-x64": "0.18.20",
        "@esbuild/linux-arm": "0.18.20",
        "@esbuild/linux-arm64": "0.18.20",
        "@esbuild/linux-ia32": "0.18.20",
        "@esbuild/linux-loong64": "0.18.20",
        "@esbuild/linux-mips64el": "0.18.20",
        "@esbuild/linux-ppc64": "0.18.20",
        "@esbuild/linux-riscv64": "0.18.20",
        "@esbuild/linux-s390x": "0.18.20",
        "@esbuild/linux-x64": "0.18.20",
        "@esbuild/netbsd-x64": "0.18.20",
        "@esbuild/openbsd-x64": "0.18.20",
        "@esbuild/sunos-x64": "0.18.20",
        "@esbuild/win32-arm64": "0.18.20",
        "@esbuild/win32-ia32": "0.18.20",
        "@esbuild/win32-x64": "0.18.20"
      }
    },
    "node_modules/lit": {
      "version": "2.8.0",
      "license": "BSD-3-Clause",
      "dependencies": {
        "@lit/reactive-element": "^1.6.0",
        "lit-element": "^3.3.0",
        "lit-html": "^2.8.0"
      }
    },
    "node_modules/lit-element": {
      "version": "3.3.3",
      "license": "BSD-3-Clause",
      "dependencies": {
        "@lit-labs/ssr-dom-shim": "^1.1.0",
        "@lit/reactive-element": "^1.3.0",
        "lit-html": "^2.8.0"
      }
    },
    "node_modules/lit-html": {
      "version": "2.8.0",
      "license": "BSD-3-Clause",
      "dependencies": {
        "@types/trusted-types": "^2.0.2"
      }
    },
    "node_modules/nanoid": {
      "version": "3.3.7",
      "dev": true,
      "funding": [
        {
          "type": "github",
          "url": "https://github.com/sponsors/ai"
        }
      ],
      "license": "MIT",
      "bin": {
        "nanoid": "bin/nanoid.cjs"
      },
      "engines": {
        "node": "^10 || ^12 || ^13.7 || ^14 || >=15.0.1"
      }
    },
    "node_modules/picocolors": {
      "version": "1.0.0",
      "dev": true,
      "license": "ISC"
    },
    "node_modules/postcss": {
      "version": "8.4.31",
      "dev": true,
      "funding": [
        {
          "type": "opencollective",
          "url": "https://opencollective.com/postcss/"
        },
        {
          "type": "tidelift",
          "url": "https://tidelift.com/funding/github/npm/postcss"
        },
        {
          "type": "github",
          "url": "https://github.com/sponsors/ai"
        }
      ],
      "license": "MIT",
      "dependencies": {
        "nanoid": "^3.3.6",
        "picocolors": "^1.0.0",
        "source-map-js": "^1.0.2"
      },
      "engines": {
        "node": "^10 || ^12 || >=14"
      }
    },
    "node_modules/rollup": {
      "version": "3.29.4",
      "dev": true,
      "license": "MIT",
      "bin": {
        "rollup": "dist/bin/rollup"
      },
      "engines": {
        "node": ">=14.18.0",
        "npm": ">=8.0.0"
      },
      "optionalDependencies": {
        "fsevents": "~2.3.2"
      }
    },
    "node_modules/source-map-js": {
      "version": "1.0.2",
      "dev": true,
      "license": "BSD-3-Clause",
      "engines": {
        "node": ">=0.10.0"
      }
    },
    "node_modules/typescript": {
      "version": "5.2.2",
      "dev": true,
      "license": "Apache-2.0",
      "bin": {
        "tsc": "bin/tsc",
        "tsserver": "bin/tsserver"
      },
      "engines": {
        "node": ">=14.17"
      }
    },
    "node_modules/vite": {
      "version": "4.5.0",
      "dev": true,
      "license": "MIT",
      "dependencies": {
        "esbuild": "^0.18.10",
        "postcss": "^8.4.27",
        "rollup": "^3.27.1"
      },
      "bin": {
        "vite": "bin/vite.js"
      },
      "engines": {
        "node": "^14.18.0 || >=16.0.0"
      },
      "funding": {
        "url": "https://github.com/vitejs/vite?sponsor=1"
      },
      "optionalDependencies": {
        "fsevents": "~2.3.2"
      },
      "peerDependencies": {
        "@types/node": ">= 14",
        "less": "*",
        "lightningcss": "^1.21.0",
        "sass": "*",
        "stylus": "*",
        "sugarss": "*",
        "terser": "^5.4.0"
      },
      "peerDependenciesMeta": {
        "@types/node": {
          "optional": true
        },
        "less": {
          "optional": true
        },
        "lightningcss": {
          "optional": true
        },
        "sass": {
          "optional": true
        },
        "stylus": {
          "optional": true
        },
        "sugarss": {
          "optional": true
        },
        "terser": {
          "optional": true
        }
      }
    }
  }
}
